// !$*UTF8*$!
{
	archiveVersion = 1;
	classes = {
	};
	objectVersion = 46;
	objects = {

/* Begin PBXBuildFile section */
		12A4BFC61DC6A1A7001A69F3 /* AppDelegate.swift in Sources */ = {isa = PBXBuildFile; fileRef = 12A4BFC51DC6A1A7001A69F3 /* AppDelegate.swift */; };
		12A4BFC81DC6A1A7001A69F3 /* ViewController.swift in Sources */ = {isa = PBXBuildFile; fileRef = 12A4BFC71DC6A1A7001A69F3 /* ViewController.swift */; };
		12A4BFCB1DC6A1A7001A69F3 /* Main.storyboard in Resources */ = {isa = PBXBuildFile; fileRef = 12A4BFC91DC6A1A7001A69F3 /* Main.storyboard */; };
		12A4BFCD1DC6A1A7001A69F3 /* Assets.xcassets in Resources */ = {isa = PBXBuildFile; fileRef = 12A4BFCC1DC6A1A7001A69F3 /* Assets.xcassets */; };
		12A4BFD01DC6A1A7001A69F3 /* LaunchScreen.storyboard in Resources */ = {isa = PBXBuildFile; fileRef = 12A4BFCE1DC6A1A7001A69F3 /* LaunchScreen.storyboard */; };
		12A4BFDB1DC6A1A7001A69F3 /* mailbox_week3Tests.swift in Sources */ = {isa = PBXBuildFile; fileRef = 12A4BFDA1DC6A1A7001A69F3 /* mailbox_week3Tests.swift */; };
		12A4BFE61DC6A1A7001A69F3 /* mailbox_week3UITests.swift in Sources */ = {isa = PBXBuildFile; fileRef = 12A4BFE51DC6A1A7001A69F3 /* mailbox_week3UITests.swift */; };
		12A4BFF41DC6A7A1001A69F3 /* MailboxViewController.swift in Sources */ = {isa = PBXBuildFile; fileRef = 12A4BFF31DC6A7A1001A69F3 /* MailboxViewController.swift */; };
		12A4BFF61DC6F123001A69F3 /* scheduleView.swift in Sources */ = {isa = PBXBuildFile; fileRef = 12A4BFF51DC6F123001A69F3 /* scheduleView.swift */; };
		12A4BFF81DC70D68001A69F3 /* listView.swift in Sources */ = {isa = PBXBuildFile; fileRef = 12A4BFF71DC70D68001A69F3 /* listView.swift */; };
/* End PBXBuildFile section */

/* Begin PBXContainerItemProxy section */
		12A4BFD71DC6A1A7001A69F3 /* PBXContainerItemProxy */ = {
			isa = PBXContainerItemProxy;
			containerPortal = 12A4BFBA1DC6A1A6001A69F3 /* Project object */;
			proxyType = 1;
			remoteGlobalIDString = 12A4BFC11DC6A1A6001A69F3;
			remoteInfo = mailbox_week3;
		};
		12A4BFE21DC6A1A7001A69F3 /* PBXContainerItemProxy */ = {
			isa = PBXContainerItemProxy;
			containerPortal = 12A4BFBA1DC6A1A6001A69F3 /* Project object */;
			proxyType = 1;
			remoteGlobalIDString = 12A4BFC11DC6A1A6001A69F3;
			remoteInfo = mailbox_week3;
		};
/* End PBXContainerItemProxy section */

/* Begin PBXFileReference section */
		12A4BFC21DC6A1A7001A69F3 /* mailbox_week3.app */ = {isa = PBXFileReference; explicitFileType = wrapper.application; includeInIndex = 0; path = mailbox_week3.app; sourceTree = BUILT_PRODUCTS_DIR; };
		12A4BFC51DC6A1A7001A69F3 /* AppDelegate.swift */ = {isa = PBXFileReference; lastKnownFileType = sourcecode.swift; path = AppDelegate.swift; sourceTree = "<group>"; };
		12A4BFC71DC6A1A7001A69F3 /* ViewController.swift */ = {isa = PBXFileReference; lastKnownFileType = sourcecode.swift; path = ViewController.swift; sourceTree = "<group>"; };
		12A4BFCA1DC6A1A7001A69F3 /* Base */ = {isa = PBXFileReference; lastKnownFileType = file.storyboard; name = Base; path = Base.lproj/Main.storyboard; sourceTree = "<group>"; };
		12A4BFCC1DC6A1A7001A69F3 /* Assets.xcassets */ = {isa = PBXFileReference; lastKnownFileType = folder.assetcatalog; path = Assets.xcassets; sourceTree = "<group>"; };
		12A4BFCF1DC6A1A7001A69F3 /* Base */ = {isa = PBXFileReference; lastKnownFileType = file.storyboard; name = Base; path = Base.lproj/LaunchScreen.storyboard; sourceTree = "<group>"; };
		12A4BFD11DC6A1A7001A69F3 /* Info.plist */ = {isa = PBXFileReference; lastKnownFileType = text.plist.xml; path = Info.plist; sourceTree = "<group>"; };
		12A4BFD61DC6A1A7001A69F3 /* mailbox_week3Tests.xctest */ = {isa = PBXFileReference; explicitFileType = wrapper.cfbundle; includeInIndex = 0; path = mailbox_week3Tests.xctest; sourceTree = BUILT_PRODUCTS_DIR; };
		12A4BFDA1DC6A1A7001A69F3 /* mailbox_week3Tests.swift */ = {isa = PBXFileReference; lastKnownFileType = sourcecode.swift; path = mailbox_week3Tests.swift; sourceTree = "<group>"; };
		12A4BFDC1DC6A1A7001A69F3 /* Info.plist */ = {isa = PBXFileReference; lastKnownFileType = text.plist.xml; path = Info.plist; sourceTree = "<group>"; };
		12A4BFE11DC6A1A7001A69F3 /* mailbox_week3UITests.xctest */ = {isa = PBXFileReference; explicitFileType = wrapper.cfbundle; includeInIndex = 0; path = mailbox_week3UITests.xctest; sourceTree = BUILT_PRODUCTS_DIR; };
		12A4BFE51DC6A1A7001A69F3 /* mailbox_week3UITests.swift */ = {isa = PBXFileReference; lastKnownFileType = sourcecode.swift; path = mailbox_week3UITests.swift; sourceTree = "<group>"; };
		12A4BFE71DC6A1A7001A69F3 /* Info.plist */ = {isa = PBXFileReference; lastKnownFileType = text.plist.xml; path = Info.plist; sourceTree = "<group>"; };
		12A4BFF31DC6A7A1001A69F3 /* MailboxViewController.swift */ = {isa = PBXFileReference; fileEncoding = 4; lastKnownFileType = sourcecode.swift; path = MailboxViewController.swift; sourceTree = "<group>"; };
		12A4BFF51DC6F123001A69F3 /* scheduleView.swift */ = {isa = PBXFileReference; fileEncoding = 4; lastKnownFileType = sourcecode.swift; path = scheduleView.swift; sourceTree = "<group>"; };
		12A4BFF71DC70D68001A69F3 /* listView.swift */ = {isa = PBXFileReference; fileEncoding = 4; lastKnownFileType = sourcecode.swift; path = listView.swift; sourceTree = "<group>"; };
/* End PBXFileReference section */

/* Begin PBXFrameworksBuildPhase section */
		12A4BFBF1DC6A1A6001A69F3 /* Frameworks */ = {
			isa = PBXFrameworksBuildPhase;
			buildActionMask = 2147483647;
			files = (
			);
			runOnlyForDeploymentPostprocessing = 0;
		};
		12A4BFD31DC6A1A7001A69F3 /* Frameworks */ = {
			isa = PBXFrameworksBuildPhase;
			buildActionMask = 2147483647;
			files = (
			);
			runOnlyForDeploymentPostprocessing = 0;
		};
		12A4BFDE1DC6A1A7001A69F3 /* Frameworks */ = {
			isa = PBXFrameworksBuildPhase;
			buildActionMask = 2147483647;
			files = (
			);
			runOnlyForDeploymentPostprocessing = 0;
		};
/* End PBXFrameworksBuildPhase section */

/* Begin PBXGroup section */
		12A4BFB91DC6A1A6001A69F3 = {
			isa = PBXGroup;
			children = (
				12A4BFC41DC6A1A7001A69F3 /* mailbox_week3 */,
				12A4BFD91DC6A1A7001A69F3 /* mailbox_week3Tests */,
				12A4BFE41DC6A1A7001A69F3 /* mailbox_week3UITests */,
				12A4BFC31DC6A1A7001A69F3 /* Products */,
			);
			sourceTree = "<group>";
		};
		12A4BFC31DC6A1A7001A69F3 /* Products */ = {
			isa = PBXGroup;
			children = (
				12A4BFC21DC6A1A7001A69F3 /* mailbox_week3.app */,
				12A4BFD61DC6A1A7001A69F3 /* mailbox_week3Tests.xctest */,
				12A4BFE11DC6A1A7001A69F3 /* mailbox_week3UITests.xctest */,
			);
			name = Products;
			sourceTree = "<group>";
		};
		12A4BFC41DC6A1A7001A69F3 /* mailbox_week3 */ = {
			isa = PBXGroup;
			children = (
				12A4BFC51DC6A1A7001A69F3 /* AppDelegate.swift */,
				12A4BFC71DC6A1A7001A69F3 /* ViewController.swift */,
				12A4BFC91DC6A1A7001A69F3 /* Main.storyboard */,
				12A4BFCC1DC6A1A7001A69F3 /* Assets.xcassets */,
				12A4BFCE1DC6A1A7001A69F3 /* LaunchScreen.storyboard */,
				12A4BFD11DC6A1A7001A69F3 /* Info.plist */,
				12A4BFF31DC6A7A1001A69F3 /* MailboxViewController.swift */,
				12A4BFF51DC6F123001A69F3 /* scheduleView.swift */,
				12A4BFF71DC70D68001A69F3 /* listView.swift */,
			);
			path = mailbox_week3;
			sourceTree = "<group>";
		};
		12A4BFD91DC6A1A7001A69F3 /* mailbox_week3Tests */ = {
			isa = PBXGroup;
			children = (
				12A4BFDA1DC6A1A7001A69F3 /* mailbox_week3Tests.swift */,
				12A4BFDC1DC6A1A7001A69F3 /* Info.plist */,
			);
			path = mailbox_week3Tests;
			sourceTree = "<group>";
		};
		12A4BFE41DC6A1A7001A69F3 /* mailbox_week3UITests */ = {
			isa = PBXGroup;
			children = (
				12A4BFE51DC6A1A7001A69F3 /* mailbox_week3UITests.swift */,
				12A4BFE71DC6A1A7001A69F3 /* Info.plist */,
			);
			path = mailbox_week3UITests;
			sourceTree = "<group>";
		};
/* End PBXGroup section */

/* Begin PBXNativeTarget section */
		12A4BFC11DC6A1A6001A69F3 /* mailbox_week3 */ = {
			isa = PBXNativeTarget;
			buildConfigurationList = 12A4BFEA1DC6A1A7001A69F3 /* Build configuration list for PBXNativeTarget "mailbox_week3" */;
			buildPhases = (
				12A4BFBE1DC6A1A6001A69F3 /* Sources */,
				12A4BFBF1DC6A1A6001A69F3 /* Frameworks */,
				12A4BFC01DC6A1A6001A69F3 /* Resources */,
			);
			buildRules = (
			);
			dependencies = (
			);
			name = mailbox_week3;
			productName = mailbox_week3;
			productReference = 12A4BFC21DC6A1A7001A69F3 /* mailbox_week3.app */;
			productType = "com.apple.product-type.application";
		};
		12A4BFD51DC6A1A7001A69F3 /* mailbox_week3Tests */ = {
			isa = PBXNativeTarget;
			buildConfigurationList = 12A4BFED1DC6A1A7001A69F3 /* Build configuration list for PBXNativeTarget "mailbox_week3Tests" */;
			buildPhases = (
				12A4BFD21DC6A1A7001A69F3 /* Sources */,
				12A4BFD31DC6A1A7001A69F3 /* Frameworks */,
				12A4BFD41DC6A1A7001A69F3 /* Resources */,
			);
			buildRules = (
			);
			dependencies = (
				12A4BFD81DC6A1A7001A69F3 /* PBXTargetDependency */,
			);
			name = mailbox_week3Tests;
			productName = mailbox_week3Tests;
			productReference = 12A4BFD61DC6A1A7001A69F3 /* mailbox_week3Tests.xctest */;
			productType = "com.apple.product-type.bundle.unit-test";
		};
		12A4BFE01DC6A1A7001A69F3 /* mailbox_week3UITests */ = {
			isa = PBXNativeTarget;
			buildConfigurationList = 12A4BFF01DC6A1A7001A69F3 /* Build configuration list for PBXNativeTarget "mailbox_week3UITests" */;
			buildPhases = (
				12A4BFDD1DC6A1A7001A69F3 /* Sources */,
				12A4BFDE1DC6A1A7001A69F3 /* Frameworks */,
				12A4BFDF1DC6A1A7001A69F3 /* Resources */,
			);
			buildRules = (
			);
			dependencies = (
				12A4BFE31DC6A1A7001A69F3 /* PBXTargetDependency */,
			);
			name = mailbox_week3UITests;
			productName = mailbox_week3UITests;
			productReference = 12A4BFE11DC6A1A7001A69F3 /* mailbox_week3UITests.xctest */;
			productType = "com.apple.product-type.bundle.ui-testing";
		};
/* End PBXNativeTarget section */

/* Begin PBXProject section */
		12A4BFBA1DC6A1A6001A69F3 /* Project object */ = {
			isa = PBXProject;
			attributes = {
				LastSwiftUpdateCheck = 0800;
				LastUpgradeCheck = 0800;
				ORGANIZATIONNAME = "Monith Ilavarasan";
				TargetAttributes = {
					12A4BFC11DC6A1A6001A69F3 = {
						CreatedOnToolsVersion = 8.0;
						ProvisioningStyle = Automatic;
					};
					12A4BFD51DC6A1A7001A69F3 = {
						CreatedOnToolsVersion = 8.0;
						ProvisioningStyle = Automatic;
						TestTargetID = 12A4BFC11DC6A1A6001A69F3;
					};
					12A4BFE01DC6A1A7001A69F3 = {
						CreatedOnToolsVersion = 8.0;
						ProvisioningStyle = Automatic;
						TestTargetID = 12A4BFC11DC6A1A6001A69F3;
					};
				};
			};
			buildConfigurationList = 12A4BFBD1DC6A1A6001A69F3 /* Build configuration list for PBXProject "mailbox_week3" */;
			compatibilityVersion = "Xcode 3.2";
			developmentRegion = English;
			hasScannedForEncodings = 0;
			knownRegions = (
				en,
				Base,
			);
			mainGroup = 12A4BFB91DC6A1A6001A69F3;
			productRefGroup = 12A4BFC31DC6A1A7001A69F3 /* Products */;
			projectDirPath = "";
			projectRoot = "";
			targets = (
				12A4BFC11DC6A1A6001A69F3 /* mailbox_week3 */,
				12A4BFD51DC6A1A7001A69F3 /* mailbox_week3Tests */,
				12A4BFE01DC6A1A7001A69F3 /* mailbox_week3UITests */,
			);
		};
/* End PBXProject section */

/* Begin PBXResourcesBuildPhase section */
		12A4BFC01DC6A1A6001A69F3 /* Resources */ = {
			isa = PBXResourcesBuildPhase;
			buildActionMask = 2147483647;
			files = (
				12A4BFD01DC6A1A7001A69F3 /* LaunchScreen.storyboard in Resources */,
				12A4BFCD1DC6A1A7001A69F3 /* Assets.xcassets in Resources */,
				12A4BFCB1DC6A1A7001A69F3 /* Main.storyboard in Resources */,
			);
			runOnlyForDeploymentPostprocessing = 0;
		};
		12A4BFD41DC6A1A7001A69F3 /* Resources */ = {
			isa = PBXResourcesBuildPhase;
			buildActionMask = 2147483647;
			files = (
			);
			runOnlyForDeploymentPostprocessing = 0;
		};
		12A4BFDF1DC6A1A7001A69F3 /* Resources */ = {
			isa = PBXResourcesBuildPhase;
			buildActionMask = 2147483647;
			files = (
			);
			runOnlyForDeploymentPostprocessing = 0;
		};
/* End PBXResourcesBuildPhase section */

/* Begin PBXSourcesBuildPhase section */
		12A4BFBE1DC6A1A6001A69F3 /* Sources */ = {
			isa = PBXSourcesBuildPhase;
			buildActionMask = 2147483647;
			files = (
				12A4BFC81DC6A1A7001A69F3 /* ViewController.swift in Sources */,
				12A4BFF61DC6F123001A69F3 /* scheduleView.swift in Sources */,
				12A4BFF81DC70D68001A69F3 /* listView.swift in Sources */,
				12A4BFC61DC6A1A7001A69F3 /* AppDelegate.swift in Sources */,
				12A4BFF41DC6A7A1001A69F3 /* MailboxViewController.swift in Sources */,
			);
			runOnlyForDeploymentPostprocessing = 0;
		};
		12A4BFD21DC6A1A7001A69F3 /* Sources */ = {
			isa = PBXSourcesBuildPhase;
			buildActionMask = 2147483647;
			files = (
				12A4BFDB1DC6A1A7001A69F3 /* mailbox_week3Tests.swift in Sources */,
			);
			runOnlyForDeploymentPostprocessing = 0;
		};
		12A4BFDD1DC6A1A7001A69F3 /* Sources */ = {
			isa = PBXSourcesBuildPhase;
			buildActionMask = 2147483647;
			files = (
				12A4BFE61DC6A1A7001A69F3 /* mailbox_week3UITests.swift in Sources */,
			);
			runOnlyForDeploymentPostprocessing = 0;
		};
/* End PBXSourcesBuildPhase section */

/* Begin PBXTargetDependency section */
		12A4BFD81DC6A1A7001A69F3 /* PBXTargetDependency */ = {
			isa = PBXTargetDependency;
			target = 12A4BFC11DC6A1A6001A69F3 /* mailbox_week3 */;
			targetProxy = 12A4BFD71DC6A1A7001A69F3 /* PBXContainerItemProxy */;
		};
		12A4BFE31DC6A1A7001A69F3 /* PBXTargetDependency */ = {
			isa = PBXTargetDependency;
			target = 12A4BFC11DC6A1A6001A69F3 /* mailbox_week3 */;
			targetProxy = 12A4BFE21DC6A1A7001A69F3 /* PBXContainerItemProxy */;
		};
/* End PBXTargetDependency section */

/* Begin PBXVariantGroup section */
		12A4BFC91DC6A1A7001A69F3 /* Main.storyboard */ = {
			isa = PBXVariantGroup;
			children = (
				12A4BFCA1DC6A1A7001A69F3 /* Base */,
			);
			name = Main.storyboard;
			sourceTree = "<group>";
		};
		12A4BFCE1DC6A1A7001A69F3 /* LaunchScreen.storyboard */ = {
			isa = PBXVariantGroup;
			children = (
				12A4BFCF1DC6A1A7001A69F3 /* Base */,
			);
			name = LaunchScreen.storyboard;
			sourceTree = "<group>";
		};
/* End PBXVariantGroup section */

/* Begin XCBuildConfiguration section */
		12A4BFE81DC6A1A7001A69F3 /* Debug */ = {
			isa = XCBuildConfiguration;
			buildSettings = {
				ALWAYS_SEARCH_USER_PATHS = NO;
				CLANG_ANALYZER_NONNULL = YES;
				CLANG_CXX_LANGUAGE_STANDARD = "gnu++0x";
				CLANG_CXX_LIBRARY = "libc++";
				CLANG_ENABLE_MODULES = YES;
				CLANG_ENABLE_OBJC_ARC = YES;
				CLANG_WARN_BOOL_CONVERSION = YES;
				CLANG_WARN_CONSTANT_CONVERSION = YES;
				CLANG_WARN_DIRECT_OBJC_ISA_USAGE = YES_ERROR;
				CLANG_WARN_DOCUMENTATION_COMMENTS = YES;
				CLANG_WARN_EMPTY_BODY = YES;
				CLANG_WARN_ENUM_CONVERSION = YES;
				CLANG_WARN_INFINITE_RECURSION = YES;
				CLANG_WARN_INT_CONVERSION = YES;
				CLANG_WARN_OBJC_ROOT_CLASS = YES_ERROR;
				CLANG_WARN_SUSPICIOUS_MOVES = YES;
				CLANG_WARN_UNREACHABLE_CODE = YES;
				CLANG_WARN__DUPLICATE_METHOD_MATCH = YES;
				"CODE_SIGN_IDENTITY[sdk=iphoneos*]" = "iPhone Developer";
				COPY_PHASE_STRIP = NO;
				DEBUG_INFORMATION_FORMAT = dwarf;
				ENABLE_STRICT_OBJC_MSGSEND = YES;
				ENABLE_TESTABILITY = YES;
				GCC_C_LANGUAGE_STANDARD = gnu99;
				GCC_DYNAMIC_NO_PIC = NO;
				GCC_NO_COMMON_BLOCKS = YES;
				GCC_OPTIMIZATION_LEVEL = 0;
				GCC_PREPROCESSOR_DEFINITIONS = (
					"DEBUG=1",
					"$(inherited)",
				);
				GCC_WARN_64_TO_32_BIT_CONVERSION = YES;
				GCC_WARN_ABOUT_RETURN_TYPE = YES_ERROR;
				GCC_WARN_UNDECLARED_SELECTOR = YES;
				GCC_WARN_UNINITIALIZED_AUTOS = YES_AGGRESSIVE;
				GCC_WARN_UNUSED_FUNCTION = YES;
				GCC_WARN_UNUSED_VARIABLE = YES;
				IPHONEOS_DEPLOYMENT_TARGET = 10.0;
				MTL_ENABLE_DEBUG_INFO = YES;
				ONLY_ACTIVE_ARCH = YES;
				SDKROOT = iphoneos;
				SWIFT_ACTIVE_COMPILATION_CONDITIONS = DEBUG;
				SWIFT_OPTIMIZATION_LEVEL = "-Onone";
				TARGETED_DEVICE_FAMILY = "1,2";
			};
			name = Debug;
		};
		12A4BFE91DC6A1A7001A69F3 /* Release */ = {
			isa = XCBuildConfiguration;
			buildSettings = {
				ALWAYS_SEARCH_USER_PATHS = NO;
				CLANG_ANALYZER_NONNULL = YES;
				CLANG_CXX_LANGUAGE_STANDARD = "gnu++0x";
				CLANG_CXX_LIBRARY = "libc++";
				CLANG_ENABLE_MODULES = YES;
				CLANG_ENABLE_OBJC_ARC = YES;
				CLANG_WARN_BOOL_CONVERSION = YES;
				CLANG_WARN_CONSTANT_CONVERSION = YES;
				CLANG_WARN_DIRECT_OBJC_ISA_USAGE = YES_ERROR;
				CLANG_WARN_DOCUMENTATION_COMMENTS = YES;
				CLANG_WARN_EMPTY_BODY = YES;
				CLANG_WARN_ENUM_CONVERSION = YES;
				CLANG_WARN_INFINITE_RECURSION = YES;
				CLANG_WARN_INT_CONVERSION = YES;
				CLANG_WARN_OBJC_ROOT_CLASS = YES_ERROR;
				CLANG_WARN_SUSPICIOUS_MOVES = YES;
				CLANG_WARN_UNREACHABLE_CODE = YES;
				CLANG_WARN__DUPLICATE_METHOD_MATCH = YES;
				"CODE_SIGN_IDENTITY[sdk=iphoneos*]" = "iPhone Developer";
				COPY_PHASE_STRIP = NO;
				DEBUG_INFORMATION_FORMAT = "dwarf-with-dsym";
				ENABLE_NS_ASSERTIONS = NO;
				ENABLE_STRICT_OBJC_MSGSEND = YES;
				GCC_C_LANGUAGE_STANDARD = gnu99;
				GCC_NO_COMMON_BLOCKS = YES;
				GCC_WARN_64_TO_32_BIT_CONVERSION = YES;
				GCC_WARN_ABOUT_RETURN_TYPE = YES_ERROR;
				GCC_WARN_UNDECLARED_SELECTOR = YES;
				GCC_WARN_UNINITIALIZED_AUTOS = YES_AGGRESSIVE;
				GCC_WARN_UNUSED_FUNCTION = YES;
				GCC_WARN_UNUSED_VARIABLE = YES;
				IPHONEOS_DEPLOYMENT_TARGET = 10.0;
				MTL_ENABLE_DEBUG_INFO = NO;
				SDKROOT = iphoneos;
				SWIFT_OPTIMIZATION_LEVEL = "-Owholemodule";
				TARGETED_DEVICE_FAMILY = "1,2";
				VALIDATE_PRODUCT = YES;
			};
			name = Release;
		};
		12A4BFEB1DC6A1A7001A69F3 /* Debug */ = {
			isa = XCBuildConfiguration;
			buildSettings = {
				ASSETCATALOG_COMPILER_APPICON_NAME = AppIcon;
				INFOPLIST_FILE = mailbox_week3/Info.plist;
				LD_RUNPATH_SEARCH_PATHS = "$(inherited) @executable_path/Frameworks";
				PRODUCT_BUNDLE_IDENTIFIER = "monith.mailbox-week3";
				PRODUCT_NAME = "$(TARGET_NAME)";
				SWIFT_VERSION = 3.0;
			};
			name = Debug;
		};
		12A4BFEC1DC6A1A7001A69F3 /* Release */ = {
			isa = XCBuildConfiguration;
			buildSettings = {
				ASSETCATALOG_COMPILER_APPICON_NAME = AppIcon;
				INFOPLIST_FILE = mailbox_week3/Info.plist;
				LD_RUNPATH_SEARCH_PATHS = "$(inherited) @executable_path/Frameworks";
				PRODUCT_BUNDLE_IDENTIFIER = "monith.mailbox-week3";
				PRODUCT_NAME = "$(TARGET_NAME)";
				SWIFT_VERSION = 3.0;
			};
			name = Release;
		};
		12A4BFEE1DC6A1A7001A69F3 /* Debug */ = {
			isa = XCBuildConfiguration;
			buildSettings = {
				ALWAYS_EMBED_SWIFT_STANDARD_LIBRARIES = YES;
				BUNDLE_LOADER = "$(TEST_HOST)";
				INFOPLIST_FILE = mailbox_week3Tests/Info.plist;
				LD_RUNPATH_SEARCH_PATHS = "$(inherited) @executable_path/Frameworks @loader_path/Frameworks";
				PRODUCT_BUNDLE_IDENTIFIER = "monith.mailbox-week3Tests";
				PRODUCT_NAME = "$(TARGET_NAME)";
				SWIFT_VERSION = 3.0;
				TEST_HOST = "$(BUILT_PRODUCTS_DIR)/mailbox_week3.app/mailbox_week3";
			};
			name = Debug;
		};
		12A4BFEF1DC6A1A7001A69F3 /* Release */ = {
			isa = XCBuildConfiguration;
			buildSettings = {
				ALWAYS_EMBED_SWIFT_STANDARD_LIBRARIES = YES;
				BUNDLE_LOADER = "$(TEST_HOST)";
				INFOPLIST_FILE = mailbox_week3Tests/Info.plist;
				LD_RUNPATH_SEARCH_PATHS = "$(inherited) @executable_path/Frameworks @loader_path/Frameworks";
				PRODUCT_BUNDLE_IDENTIFIER = "monith.mailbox-week3Tests";
				PRODUCT_NAME = "$(TARGET_NAME)";
				SWIFT_VERSION = 3.0;
				TEST_HOST = "$(BUILT_PRODUCTS_DIR)/mailbox_week3.app/mailbox_week3";
			};
			name = Release;
		};
		12A4BFF11DC6A1A7001A69F3 /* Debug */ = {
			isa = XCBuildConfiguration;
			buildSettings = {
				ALWAYS_EMBED_SWIFT_STANDARD_LIBRARIES = YES;
				INFOPLIST_FILE = mailbox_week3UITests/Info.plist;
				LD_RUNPATH_SEARCH_PATHS = "$(inherited) @executable_path/Frameworks @loader_path/Frameworks";
				PRODUCT_BUNDLE_IDENTIFIER = "monith.mailbox-week3UITests";
				PRODUCT_NAME = "$(TARGET_NAME)";
				SWIFT_VERSION = 3.0;
				TEST_TARGET_NAME = mailbox_week3;
			};
			name = Debug;
		};
		12A4BFF21DC6A1A7001A69F3 /* Release */ = {
			isa = XCBuildConfiguration;
			buildSettings = {
				ALWAYS_EMBED_SWIFT_STANDARD_LIBRARIES = YES;
				INFOPLIST_FILE = mailbox_week3UITests/Info.plist;
				LD_RUNPATH_SEARCH_PATHS = "$(inherited) @executable_path/Frameworks @loader_path/Frameworks";
				PRODUCT_BUNDLE_IDENTIFIER = "monith.mailbox-week3UITests";
				PRODUCT_NAME = "$(TARGET_NAME)";
				SWIFT_VERSION = 3.0;
				TEST_TARGET_NAME = mailbox_week3;
			};
			name = Release;
		};
/* End XCBuildConfiguration section */

/* Begin XCConfigurationList section */
		12A4BFBD1DC6A1A6001A69F3 /* Build configuration list for PBXProject "mailbox_week3" */ = {
			isa = XCConfigurationList;
			buildConfigurations = (
				12A4BFE81DC6A1A7001A69F3 /* Debug */,
				12A4BFE91DC6A1A7001A69F3 /* Release */,
			);
			defaultConfigurationIsVisible = 0;
			defaultConfigurationName = Release;
		};
		12A4BFEA1DC6A1A7001A69F3 /* Build configuration list for PBXNativeTarget "mailbox_week3" */ = {
			isa = XCConfigurationList;
			buildConfigurations = (
				12A4BFEB1DC6A1A7001A69F3 /* Debug */,
				12A4BFEC1DC6A1A7001A69F3 /* Release */,
			);
			defaultConfigurationIsVisible = 0;
		};
		12A4BFED1DC6A1A7001A69F3 /* Build configuration list for PBXNativeTarget "mailbox_week3Tests" */ = {
			isa = XCConfigurationList;
			buildConfigurations = (
				12A4BFEE1DC6A1A7001A69F3 /* Debug */,
				12A4BFEF1DC6A1A7001A69F3 /* Release */,
			);
			defaultConfigurationIsVisible = 0;
		};
		12A4BFF01DC6A1A7001A69F3 /* Build configuration list for PBXNativeTarget "mailbox_week3UITests" */ = {
			isa = XCConfigurationList;
			buildConfigurations = (
				12A4BFF11DC6A1A7001A69F3 /* Debug */,
				12A4BFF21DC6A1A7001A69F3 /* Release */,
			);
			defaultConfigurationIsVisible = 0;
		};
/* End XCConfigurationList section */
	};
	rootObject = 12A4BFBA1DC6A1A6001A69F3 /* Project object */;
}
